
Microsoft Visual Studio Solution File, Format Version 12.00
Project("{FAE04EC0-301F-11D3-BF4B-00C04F79EFBC}") = "Chents.API", "Chents.API\Chents.API.csproj", "{69D4D36F-0A1F-4971-B219-97AA93B1A625}"
EndProject
Project("{2150E333-8FDC-42A3-9474-1A3956D46DE8}") = "src", "src", "{B4D27DFA-150D-4B6C-AAB4-1D2C169A18BB}"
EndProject
Project("{FAE04EC0-301F-11D3-BF4B-00C04F79EFBC}") = "Chents.AlertsService", "Chents.AlertsService\Chents.AlertsService.csproj", "{B520A602-1504-420F-B172-D9B95880D831}"
EndProject
Project("{FAE04EC0-301F-11D3-BF4B-00C04F79EFBC}") = "Chents.Models", "Chents.Models\Chents.Models.csproj", "{7CAD6338-6157-471D-8D75-E9C60CDB6C91}"
EndProject
Project("{FAE04EC0-301F-11D3-BF4B-00C04F79EFBC}") = "Chents.ML", "Chents.ML\Chents.ML.csproj", "{04BF373D-6067-43D7-B585-F8FC6CDB1F97}"
EndProject
Project("{2150E333-8FDC-42A3-9474-1A3956D46DE8}") = "tests", "tests", "{9973564A-FA1C-49C1-9A93-7F375E772325}"
EndProject
Project("{FAE04EC0-301F-11D3-BF4B-00C04F79EFBC}") = "Chents.API.Tests", "ConsoleApp1Chents.API.Tests \Chents.API.Tests.csproj", "{B980AFE8-7B5D-4940-A7A0-375D60615123}"
EndProject
Project("{FAE04EC0-301F-11D3-BF4B-00C04F79EFBC}") = "Chents.AlertsService.Tests", "Chents.AlertsService.Tests\Chents.AlertsService.Tests.csproj", "{56192342-E414-4694-9FE8-8FE869238AC6}"
EndProject
Global
	GlobalSection(SolutionConfigurationPlatforms) = preSolution
		Debug|Any CPU = Debug|Any CPU
		Release|Any CPU = Release|Any CPU
	EndGlobalSection
	GlobalSection(ProjectConfigurationPlatforms) = postSolution
		{69D4D36F-0A1F-4971-B219-97AA93B1A625}.Debug|Any CPU.ActiveCfg = Debug|Any CPU
		{69D4D36F-0A1F-4971-B219-97AA93B1A625}.Debug|Any CPU.Build.0 = Debug|Any CPU
		{69D4D36F-0A1F-4971-B219-97AA93B1A625}.Release|Any CPU.ActiveCfg = Release|Any CPU
		{69D4D36F-0A1F-4971-B219-97AA93B1A625}.Release|Any CPU.Build.0 = Release|Any CPU
		{B520A602-1504-420F-B172-D9B95880D831}.Debug|Any CPU.ActiveCfg = Debug|Any CPU
		{B520A602-1504-420F-B172-D9B95880D831}.Debug|Any CPU.Build.0 = Debug|Any CPU
		{B520A602-1504-420F-B172-D9B95880D831}.Release|Any CPU.ActiveCfg = Release|Any CPU
		{B520A602-1504-420F-B172-D9B95880D831}.Release|Any CPU.Build.0 = Release|Any CPU
		{7CAD6338-6157-471D-8D75-E9C60CDB6C91}.Debug|Any CPU.ActiveCfg = Debug|Any CPU
		{7CAD6338-6157-471D-8D75-E9C60CDB6C91}.Debug|Any CPU.Build.0 = Debug|Any CPU
		{7CAD6338-6157-471D-8D75-E9C60CDB6C91}.Release|Any CPU.ActiveCfg = Release|Any CPU
		{7CAD6338-6157-471D-8D75-E9C60CDB6C91}.Release|Any CPU.Build.0 = Release|Any CPU
		{04BF373D-6067-43D7-B585-F8FC6CDB1F97}.Debug|Any CPU.ActiveCfg = Debug|Any CPU
		{04BF373D-6067-43D7-B585-F8FC6CDB1F97}.Debug|Any CPU.Build.0 = Debug|Any CPU
		{04BF373D-6067-43D7-B585-F8FC6CDB1F97}.Release|Any CPU.ActiveCfg = Release|Any CPU
		{04BF373D-6067-43D7-B585-F8FC6CDB1F97}.Release|Any CPU.Build.0 = Release|Any CPU
		{B980AFE8-7B5D-4940-A7A0-375D60615123}.Debug|Any CPU.ActiveCfg = Debug|Any CPU
		{B980AFE8-7B5D-4940-A7A0-375D60615123}.Debug|Any CPU.Build.0 = Debug|Any CPU
		{B980AFE8-7B5D-4940-A7A0-375D60615123}.Release|Any CPU.ActiveCfg = Release|Any CPU
		{B980AFE8-7B5D-4940-A7A0-375D60615123}.Release|Any CPU.Build.0 = Release|Any CPU
		{56192342-E414-4694-9FE8-8FE869238AC6}.Debug|Any CPU.ActiveCfg = Debug|Any CPU
		{56192342-E414-4694-9FE8-8FE869238AC6}.Debug|Any CPU.Build.0 = Debug|Any CPU
		{56192342-E414-4694-9FE8-8FE869238AC6}.Release|Any CPU.ActiveCfg = Release|Any CPU
		{56192342-E414-4694-9FE8-8FE869238AC6}.Release|Any CPU.Build.0 = Release|Any CPU
	EndGlobalSection
	GlobalSection(NestedProjects) = preSolution
		{69D4D36F-0A1F-4971-B219-97AA93B1A625} = {B4D27DFA-150D-4B6C-AAB4-1D2C169A18BB}
		{B520A602-1504-420F-B172-D9B95880D831} = {B4D27DFA-150D-4B6C-AAB4-1D2C169A18BB}
		{7CAD6338-6157-471D-8D75-E9C60CDB6C91} = {B4D27DFA-150D-4B6C-AAB4-1D2C169A18BB}
		{04BF373D-6067-43D7-B585-F8FC6CDB1F97} = {B4D27DFA-150D-4B6C-AAB4-1D2C169A18BB}
		{B980AFE8-7B5D-4940-A7A0-375D60615123} = {9973564A-FA1C-49C1-9A93-7F375E772325}
		{56192342-E414-4694-9FE8-8FE869238AC6} = {9973564A-FA1C-49C1-9A93-7F375E772325}
	EndGlobalSection
EndGlobal
