
Microsoft Visual Studio Solution File, Format Version 12.00
# Visual Studio Version 17
VisualStudioVersion = 17.0.31903.59
MinimumVisualStudioVersion = 10.0.40219.1
Project("{2150E333-8FDC-42A3-9474-1A3956D46DE8}") = "src", "src", "{827E0CD3-B72D-47B6-A68D-7590B98EB39B}"
EndProject
Project("{FAE04EC0-301F-11D3-BF4B-00C04F79EFBC}") = "Chents.API", "src\Chents.API\Chents.API.csproj", "{E5CA20A8-FAD0-4C31-A6F4-3959D1B0CE46}"
EndProject
Project("{FAE04EC0-301F-11D3-BF4B-00C04F79EFBC}") = "Chents.AlertsService", "src\Chents.AlertsService\Chents.AlertsService.csproj", "{EAA28451-B527-4BE3-877F-1708C32DB948}"
EndProject
Project("{FAE04EC0-301F-11D3-BF4B-00C04F79EFBC}") = "Chents.Models", "src\Chents.Models\Chents.Models.csproj", "{7513C46F-51A0-421C-B169-94854DFC3536}"
EndProject
Project("{FAE04EC0-301F-11D3-BF4B-00C04F79EFBC}") = "Chents.ML", "src\Chents.ML\Chents.ML.csproj", "{18095614-ED72-4BA2-9057-85923881283D}"
EndProject
Project("{2150E333-8FDC-42A3-9474-1A3956D46DE8}") = "tests", "tests", "{0AB3BF05-4346-4AA6-1389-037BE0695223}"
EndProject
Project("{FAE04EC0-301F-11D3-BF4B-00C04F79EFBC}") = "Chents.API.Tests", "tests\Chents.API.Tests\Chents.API.Tests.csproj", "{FE31A52A-5623-4B83-BA08-1E4EB2A73C06}"
EndProject
Project("{FAE04EC0-301F-11D3-BF4B-00C04F79EFBC}") = "Chents.AlertsService.Tests", "tests\Chents.AlertsService.Tests\Chents.AlertsService.Tests.csproj", "{3CC47FB0-B30E-45B8-BC43-00937316CC99}"
EndProject
Global
	GlobalSection(SolutionConfigurationPlatforms) = preSolution
		Debug|Any CPU = Debug|Any CPU
		Debug|x64 = Debug|x64
		Debug|x86 = Debug|x86
		Release|Any CPU = Release|Any CPU
		Release|x64 = Release|x64
		Release|x86 = Release|x86
	EndGlobalSection
	GlobalSection(ProjectConfigurationPlatforms) = postSolution
		{E5CA20A8-FAD0-4C31-A6F4-3959D1B0CE46}.Debug|Any CPU.ActiveCfg = Debug|Any CPU
		{E5CA20A8-FAD0-4C31-A6F4-3959D1B0CE46}.Debug|Any CPU.Build.0 = Debug|Any CPU
		{E5CA20A8-FAD0-4C31-A6F4-3959D1B0CE46}.Debug|x64.ActiveCfg = Debug|Any CPU
		{E5CA20A8-FAD0-4C31-A6F4-3959D1B0CE46}.Debug|x64.Build.0 = Debug|Any CPU
		{E5CA20A8-FAD0-4C31-A6F4-3959D1B0CE46}.Debug|x86.ActiveCfg = Debug|Any CPU
		{E5CA20A8-FAD0-4C31-A6F4-3959D1B0CE46}.Debug|x86.Build.0 = Debug|Any CPU
		{E5CA20A8-FAD0-4C31-A6F4-3959D1B0CE46}.Release|Any CPU.ActiveCfg = Release|Any CPU
		{E5CA20A8-FAD0-4C31-A6F4-3959D1B0CE46}.Release|Any CPU.Build.0 = Release|Any CPU
		{E5CA20A8-FAD0-4C31-A6F4-3959D1B0CE46}.Release|x64.ActiveCfg = Release|Any CPU
		{E5CA20A8-FAD0-4C31-A6F4-3959D1B0CE46}.Release|x64.Build.0 = Release|Any CPU
		{E5CA20A8-FAD0-4C31-A6F4-3959D1B0CE46}.Release|x86.ActiveCfg = Release|Any CPU
		{E5CA20A8-FAD0-4C31-A6F4-3959D1B0CE46}.Release|x86.Build.0 = Release|Any CPU
		{EAA28451-B527-4BE3-877F-1708C32DB948}.Debug|Any CPU.ActiveCfg = Debug|Any CPU
		{EAA28451-B527-4BE3-877F-1708C32DB948}.Debug|Any CPU.Build.0 = Debug|Any CPU
		{EAA28451-B527-4BE3-877F-1708C32DB948}.Debug|x64.ActiveCfg = Debug|Any CPU
		{EAA28451-B527-4BE3-877F-1708C32DB948}.Debug|x64.Build.0 = Debug|Any CPU
		{EAA28451-B527-4BE3-877F-1708C32DB948}.Debug|x86.ActiveCfg = Debug|Any CPU
		{EAA28451-B527-4BE3-877F-1708C32DB948}.Debug|x86.Build.0 = Debug|Any CPU
		{EAA28451-B527-4BE3-877F-1708C32DB948}.Release|Any CPU.ActiveCfg = Release|Any CPU
		{EAA28451-B527-4BE3-877F-1708C32DB948}.Release|Any CPU.Build.0 = Release|Any CPU
		{EAA28451-B527-4BE3-877F-1708C32DB948}.Release|x64.ActiveCfg = Release|Any CPU
		{EAA28451-B527-4BE3-877F-1708C32DB948}.Release|x64.Build.0 = Release|Any CPU
		{EAA28451-B527-4BE3-877F-1708C32DB948}.Release|x86.ActiveCfg = Release|Any CPU
		{EAA28451-B527-4BE3-877F-1708C32DB948}.Release|x86.Build.0 = Release|Any CPU
		{7513C46F-51A0-421C-B169-94854DFC3536}.Debug|Any CPU.ActiveCfg = Debug|Any CPU
		{7513C46F-51A0-421C-B169-94854DFC3536}.Debug|Any CPU.Build.0 = Debug|Any CPU
		{7513C46F-51A0-421C-B169-94854DFC3536}.Debug|x64.ActiveCfg = Debug|Any CPU
		{7513C46F-51A0-421C-B169-94854DFC3536}.Debug|x64.Build.0 = Debug|Any CPU
		{7513C46F-51A0-421C-B169-94854DFC3536}.Debug|x86.ActiveCfg = Debug|Any CPU
		{7513C46F-51A0-421C-B169-94854DFC3536}.Debug|x86.Build.0 = Debug|Any CPU
		{7513C46F-51A0-421C-B169-94854DFC3536}.Release|Any CPU.ActiveCfg = Release|Any CPU
		{7513C46F-51A0-421C-B169-94854DFC3536}.Release|Any CPU.Build.0 = Release|Any CPU
		{7513C46F-51A0-421C-B169-94854DFC3536}.Release|x64.ActiveCfg = Release|Any CPU
		{7513C46F-51A0-421C-B169-94854DFC3536}.Release|x64.Build.0 = Release|Any CPU
		{7513C46F-51A0-421C-B169-94854DFC3536}.Release|x86.ActiveCfg = Release|Any CPU
		{7513C46F-51A0-421C-B169-94854DFC3536}.Release|x86.Build.0 = Release|Any CPU
		{18095614-ED72-4BA2-9057-85923881283D}.Debug|Any CPU.ActiveCfg = Debug|Any CPU
		{18095614-ED72-4BA2-9057-85923881283D}.Debug|Any CPU.Build.0 = Debug|Any CPU
		{18095614-ED72-4BA2-9057-85923881283D}.Debug|x64.ActiveCfg = Debug|Any CPU
		{18095614-ED72-4BA2-9057-85923881283D}.Debug|x64.Build.0 = Debug|Any CPU
		{18095614-ED72-4BA2-9057-85923881283D}.Debug|x86.ActiveCfg = Debug|Any CPU
		{18095614-ED72-4BA2-9057-85923881283D}.Debug|x86.Build.0 = Debug|Any CPU
		{18095614-ED72-4BA2-9057-85923881283D}.Release|Any CPU.ActiveCfg = Release|Any CPU
		{18095614-ED72-4BA2-9057-85923881283D}.Release|Any CPU.Build.0 = Release|Any CPU
		{18095614-ED72-4BA2-9057-85923881283D}.Release|x64.ActiveCfg = Release|Any CPU
		{18095614-ED72-4BA2-9057-85923881283D}.Release|x64.Build.0 = Release|Any CPU
		{18095614-ED72-4BA2-9057-85923881283D}.Release|x86.ActiveCfg = Release|Any CPU
		{18095614-ED72-4BA2-9057-85923881283D}.Release|x86.Build.0 = Release|Any CPU
		{FE31A52A-5623-4B83-BA08-1E4EB2A73C06}.Debug|Any CPU.ActiveCfg = Debug|Any CPU
		{FE31A52A-5623-4B83-BA08-1E4EB2A73C06}.Debug|Any CPU.Build.0 = Debug|Any CPU
		{FE31A52A-5623-4B83-BA08-1E4EB2A73C06}.Debug|x64.ActiveCfg = Debug|Any CPU
		{FE31A52A-5623-4B83-BA08-1E4EB2A73C06}.Debug|x64.Build.0 = Debug|Any CPU
		{FE31A52A-5623-4B83-BA08-1E4EB2A73C06}.Debug|x86.ActiveCfg = Debug|Any CPU
		{FE31A52A-5623-4B83-BA08-1E4EB2A73C06}.Debug|x86.Build.0 = Debug|Any CPU
		{FE31A52A-5623-4B83-BA08-1E4EB2A73C06}.Release|Any CPU.ActiveCfg = Release|Any CPU
		{FE31A52A-5623-4B83-BA08-1E4EB2A73C06}.Release|Any CPU.Build.0 = Release|Any CPU
		{FE31A52A-5623-4B83-BA08-1E4EB2A73C06}.Release|x64.ActiveCfg = Release|Any CPU
		{FE31A52A-5623-4B83-BA08-1E4EB2A73C06}.Release|x64.Build.0 = Release|Any CPU
		{FE31A52A-5623-4B83-BA08-1E4EB2A73C06}.Release|x86.ActiveCfg = Release|Any CPU
		{FE31A52A-5623-4B83-BA08-1E4EB2A73C06}.Release|x86.Build.0 = Release|Any CPU
		{3CC47FB0-B30E-45B8-BC43-00937316CC99}.Debug|Any CPU.ActiveCfg = Debug|Any CPU
		{3CC47FB0-B30E-45B8-BC43-00937316CC99}.Debug|Any CPU.Build.0 = Debug|Any CPU
		{3CC47FB0-B30E-45B8-BC43-00937316CC99}.Debug|x64.ActiveCfg = Debug|Any CPU
		{3CC47FB0-B30E-45B8-BC43-00937316CC99}.Debug|x64.Build.0 = Debug|Any CPU
		{3CC47FB0-B30E-45B8-BC43-00937316CC99}.Debug|x86.ActiveCfg = Debug|Any CPU
		{3CC47FB0-B30E-45B8-BC43-00937316CC99}.Debug|x86.Build.0 = Debug|Any CPU
		{3CC47FB0-B30E-45B8-BC43-00937316CC99}.Release|Any CPU.ActiveCfg = Release|Any CPU
		{3CC47FB0-B30E-45B8-BC43-00937316CC99}.Release|Any CPU.Build.0 = Release|Any CPU
		{3CC47FB0-B30E-45B8-BC43-00937316CC99}.Release|x64.ActiveCfg = Release|Any CPU
		{3CC47FB0-B30E-45B8-BC43-00937316CC99}.Release|x64.Build.0 = Release|Any CPU
		{3CC47FB0-B30E-45B8-BC43-00937316CC99}.Release|x86.ActiveCfg = Release|Any CPU
		{3CC47FB0-B30E-45B8-BC43-00937316CC99}.Release|x86.Build.0 = Release|Any CPU
	EndGlobalSection
	GlobalSection(SolutionProperties) = preSolution
		HideSolutionNode = FALSE
	EndGlobalSection
	GlobalSection(NestedProjects) = preSolution
		{E5CA20A8-FAD0-4C31-A6F4-3959D1B0CE46} = {827E0CD3-B72D-47B6-A68D-7590B98EB39B}
		{EAA28451-B527-4BE3-877F-1708C32DB948} = {827E0CD3-B72D-47B6-A68D-7590B98EB39B}
		{7513C46F-51A0-421C-B169-94854DFC3536} = {827E0CD3-B72D-47B6-A68D-7590B98EB39B}
		{18095614-ED72-4BA2-9057-85923881283D} = {827E0CD3-B72D-47B6-A68D-7590B98EB39B}
		{FE31A52A-5623-4B83-BA08-1E4EB2A73C06} = {0AB3BF05-4346-4AA6-1389-037BE0695223}
		{3CC47FB0-B30E-45B8-BC43-00937316CC99} = {0AB3BF05-4346-4AA6-1389-037BE0695223}
	EndGlobalSection
EndGlobal
